
Microsoft Visual Studio Solution File, Format Version 12.00
# Visual Studio Version 17
VisualStudioVersion = 17.4.33213.308
MinimumVisualStudioVersion = 10.0.40219.1
Project("{9A19103F-16F7-4668-BE54-9A1E7A4F7556}") = "LineBot", "LineBot\LineBot.csproj", "{5DDF2EC4-C58C-4B3D-8C3A-F742BFF0A746}"
EndProject
Global
	GlobalSection(SolutionConfigurationPlatforms) = preSolution
		Debug|Any CPU = Debug|Any CPU
		Release|Any CPU = Release|Any CPU
	EndGlobalSection
	GlobalSection(ProjectConfigurationPlatforms) = postSolution
		{5DDF2EC4-C58C-4B3D-8C3A-F742BFF0A746}.Debug|Any CPU.ActiveCfg = Debug|Any CPU
		{5DDF2EC4-C58C-4B3D-8C3A-F742BFF0A746}.Debug|Any CPU.Build.0 = Debug|Any CPU
		{5DDF2EC4-C58C-4B3D-8C3A-F742BFF0A746}.Release|Any CPU.ActiveCfg = Release|Any CPU
		{5DDF2EC4-C58C-4B3D-8C3A-F742BFF0A746}.Release|Any CPU.Build.0 = Release|Any CPU
	EndGlobalSection
	GlobalSection(SolutionProperties) = preSolution
		HideSolutionNode = FALSE
	EndGlobalSection
	GlobalSection(ExtensibilityGlobals) = postSolution
		SolutionGuid = {C38CEBBD-09B7-4085-8D81-62524F00CDB6}
	EndGlobalSection
EndGlobal
